
Microsoft Visual Studio Solution File, Format Version 12.00
# Visual Studio Version 16
VisualStudioVersion = 16.0.29911.84
MinimumVisualStudioVersion = 10.0.40219.1
Project("{FAE04EC0-301F-11D3-BF4B-00C04F79EFBC}") = "ecommerce", "ecommerce\ecommerce.csproj", "{F77F3C95-87B9-4ECB-91FE-2C66BF12F8FA}"
EndProject
Global
	GlobalSection(SolutionConfigurationPlatforms) = preSolution
		Debug|Any CPU = Debug|Any CPU
		Release|Any CPU = Release|Any CPU
	EndGlobalSection
	GlobalSection(ProjectConfigurationPlatforms) = postSolution
		{F77F3C95-87B9-4ECB-91FE-2C66BF12F8FA}.Debug|Any CPU.ActiveCfg = Debug|Any CPU
		{F77F3C95-87B9-4ECB-91FE-2C66BF12F8FA}.Debug|Any CPU.Build.0 = Debug|Any CPU
		{F77F3C95-87B9-4ECB-91FE-2C66BF12F8FA}.Release|Any CPU.ActiveCfg = Release|Any CPU
		{F77F3C95-87B9-4ECB-91FE-2C66BF12F8FA}.Release|Any CPU.Build.0 = Release|Any CPU
	EndGlobalSection
	GlobalSection(SolutionProperties) = preSolution
		HideSolutionNode = FALSE
	EndGlobalSection
	GlobalSection(ExtensibilityGlobals) = postSolution
		SolutionGuid = {19C17083-B97F-4F93-9266-48373C2D622D}
	EndGlobalSection
EndGlobal
